Microsoft Visual Studio Solution File, Format Version 12.00
# Visual Studio Version 17
VisualStudioVersion = 17.5.2.0
MinimumVisualStudioVersion = 10.0.40219.1
Project("{FAE04EC0-301F-11D3-BF4B-00C04F79EFBC}") = "Mission10_Manwaringg", "Mission10_Manwaringg.csproj", "{A6278183-FE3C-23C8-0F8B-AD7CCC2DB902}"
EndProject
Global
	GlobalSection(SolutionConfigurationPlatforms) = preSolution
		Debug|Any CPU = Debug|Any CPU
		Release|Any CPU = Release|Any CPU
	EndGlobalSection
	GlobalSection(ProjectConfigurationPlatforms) = postSolution
		{A6278183-FE3C-23C8-0F8B-AD7CCC2DB902}.Debug|Any CPU.ActiveCfg = Debug|Any CPU
		{A6278183-FE3C-23C8-0F8B-AD7CCC2DB902}.Debug|Any CPU.Build.0 = Debug|Any CPU
		{A6278183-FE3C-23C8-0F8B-AD7CCC2DB902}.Release|Any CPU.ActiveCfg = Release|Any CPU
		{A6278183-FE3C-23C8-0F8B-AD7CCC2DB902}.Release|Any CPU.Build.0 = Release|Any CPU
	EndGlobalSection
	GlobalSection(SolutionProperties) = preSolution
		HideSolutionNode = FALSE
	EndGlobalSection
	GlobalSection(ExtensibilityGlobals) = postSolution
		SolutionGuid = {20FACC4F-0112-42ED-AD8A-FD5300B306C1}
	EndGlobalSection
EndGlobal
